// !$*UTF8*$!
{
	archiveVersion = 1;
	classes = {
	};
	objectVersion = 46;
	objects = {

/* Begin PBXBuildFile section */
		6A7F18F5155034D5006F63E4 /* main.cpp in Sources */ = {isa = PBXBuildFile; fileRef = 6A7F18F4155034D5006F63E4 /* main.cpp */; };
		6A7F18F7155034D5006F63E4 /* Lobby.1 in CopyFiles */ = {isa = PBXBuildFile; fileRef = 6A7F18F6155034D5006F63E4 /* Lobby.1 */; };
/* End PBXBuildFile section */

/* Begin PBXCopyFilesBuildPhase section */
		6A7F18EE155034D5006F63E4 /* CopyFiles */ = {
			isa = PBXCopyFilesBuildPhase;
			buildActionMask = 2147483647;
			dstPath = /usr/share/man/man1/;
			dstSubfolderSpec = 0;
			files = (
				6A7F18F7155034D5006F63E4 /* Lobby.1 in CopyFiles */,
			);
			runOnlyForDeploymentPostprocessing = 1;
		};
/* End PBXCopyFilesBuildPhase section */

/* Begin PBXFileReference section */
		6A7F18F0155034D5006F63E4 /* Lobby */ = {isa = PBXFileReference; explicitFileType = "compiled.mach-o.executable"; includeInIndex = 0; path = Lobby; sourceTree = BUILT_PRODUCTS_DIR; };
		6A7F18F4155034D5006F63E4 /* main.cpp */ = {isa = PBXFileReference; lastKnownFileType = sourcecode.cpp.cpp; path = main.cpp; sourceTree = "<group>"; };
		6A7F18F6155034D5006F63E4 /* Lobby.1 */ = {isa = PBXFileReference; lastKnownFileType = text.man; path = Lobby.1; sourceTree = "<group>"; };
/* End PBXFileReference section */

/* Begin PBXFrameworksBuildPhase section */
		6A7F18ED155034D5006F63E4 /* Frameworks */ = {
			isa = PBXFrameworksBuildPhase;
			buildActionMask = 2147483647;
			files = (
			);
			runOnlyForDeploymentPostprocessing = 0;
		};
/* End PBXFrameworksBuildPhase section */

/* Begin PBXGroup section */
		6A7F18E5155034D5006F63E4 = {
			isa = PBXGroup;
			children = (
				6A7F18F3155034D5006F63E4 /* Lobby */,
				6A7F18F1155034D5006F63E4 /* Products */,
			);
			sourceTree = "<group>";
		};
		6A7F18F1155034D5006F63E4 /* Products */ = {
			isa = PBXGroup;
			children = (
				6A7F18F0155034D5006F63E4 /* Lobby */,
			);
			name = Products;
			sourceTree = "<group>";
		};
		6A7F18F3155034D5006F63E4 /* Lobby */ = {
			isa = PBXGroup;
			children = (
				6A7F18F4155034D5006F63E4 /* main.cpp */,
				6A7F18F6155034D5006F63E4 /* Lobby.1 */,
			);
			path = Lobby;
			sourceTree = "<group>";
		};
/* End PBXGroup section */

/* Begin PBXNativeTarget section */
		6A7F18EF155034D5006F63E4 /* Lobby */ = {
			isa = PBXNativeTarget;
			buildConfigurationList = 6A7F18FA155034D5006F63E4 /* Build configuration list for PBXNativeTarget "Lobby" */;
			buildPhases = (
				6A7F18EC155034D5006F63E4 /* Sources */,
				6A7F18ED155034D5006F63E4 /* Frameworks */,
				6A7F18EE155034D5006F63E4 /* CopyFiles */,
			);
			buildRules = (
			);
			dependencies = (
			);
			name = Lobby;
			productName = Lobby;
			productReference = 6A7F18F0155034D5006F63E4 /* Lobby */;
			productType = "com.apple.product-type.tool";
		};
/* End PBXNativeTarget section */

/* Begin PBXProject section */
		6A7F18E7155034D5006F63E4 /* Project object */ = {
			isa = PBXProject;
			attributes = {
				LastUpgradeCheck = 0430;
				ORGANIZATIONNAME = TU/e;
			};
			buildConfigurationList = 6A7F18EA155034D5006F63E4 /* Build configuration list for PBXProject "Lobby" */;
			compatibilityVersion = "Xcode 3.2";
			developmentRegion = English;
			hasScannedForEncodings = 0;
			knownRegions = (
				en,
			);
			mainGroup = 6A7F18E5155034D5006F63E4;
			productRefGroup = 6A7F18F1155034D5006F63E4 /* Products */;
			projectDirPath = "";
			projectRoot = "";
			targets = (
				6A7F18EF155034D5006F63E4 /* Lobby */,
			);
		};
/* End PBXProject section */

/* Begin PBXSourcesBuildPhase section */
		6A7F18EC155034D5006F63E4 /* Sources */ = {
			isa = PBXSourcesBuildPhase;
			buildActionMask = 2147483647;
			files = (
				6A7F18F5155034D5006F63E4 /* main.cpp in Sources */,
			);
			runOnlyForDeploymentPostprocessing = 0;
		};
/* End PBXSourcesBuildPhase section */

/* Begin XCBuildConfiguration section */
		6A7F18F8155034D5006F63E4 /* Debug */ = {
			isa = XCBuildConfiguration;
			buildSettings = {
				ALWAYS_SEARCH_USER_PATHS = NO;
				ARCHS = "$(ARCHS_STANDARD_64_BIT)";
				CLANG_ENABLE_OBJC_ARC = YES;
				COPY_PHASE_STRIP = NO;
				GCC_C_LANGUAGE_STANDARD = gnu99;
				GCC_DYNAMIC_NO_PIC = NO;
				GCC_ENABLE_OBJC_EXCEPTIONS = YES;
				GCC_OPTIMIZATION_LEVEL = 0;
				GCC_PREPROCESSOR_DEFINITIONS = (
					"DEBUG=1",
					"$(inherited)",
				);
				GCC_SYMBOLS_PRIVATE_EXTERN = NO;
				GCC_VERSION = com.apple.compilers.llvm.clang.1_0;
				GCC_WARN_64_TO_32_BIT_CONVERSION = YES;
				GCC_WARN_ABOUT_RETURN_TYPE = YES;
				GCC_WARN_UNINITIALIZED_AUTOS = YES;
				GCC_WARN_UNUSED_VARIABLE = YES;
				MACOSX_DEPLOYMENT_TARGET = 10.7;
				ONLY_ACTIVE_ARCH = YES;
				SDKROOT = macosx;
			};
			name = Debug;
		};
		6A7F18F9155034D5006F63E4 /* Release */ = {
			isa = XCBuildConfiguration;
			buildSettings = {
				ALWAYS_SEARCH_USER_PATHS = NO;
				ARCHS = "$(ARCHS_STANDARD_64_BIT)";
				CLANG_ENABLE_OBJC_ARC = YES;
				COPY_PHASE_STRIP = YES;
				DEBUG_INFORMATION_FORMAT = "dwarf-with-dsym";
				GCC_C_LANGUAGE_STANDARD = gnu99;
				GCC_ENABLE_OBJC_EXCEPTIONS = YES;
				GCC_VERSION = com.apple.compilers.llvm.clang.1_0;
				GCC_WARN_64_TO_32_BIT_CONVERSION = YES;
				GCC_WARN_ABOUT_RETURN_TYPE = YES;
				GCC_WARN_UNINITIALIZED_AUTOS = YES;
				GCC_WARN_UNUSED_VARIABLE = YES;
				MACOSX_DEPLOYMENT_TARGET = 10.7;
				SDKROOT = macosx;
			};
			name = Release;
		};
		6A7F18FB155034D5006F63E4 /* Debug */ = {
			isa = XCBuildConfiguration;
			buildSettings = {
				PRODUCT_NAME = "$(TARGET_NAME)";
			};
			name = Debug;
		};
		6A7F18FC155034D5006F63E4 /* Release */ = {
			isa = XCBuildConfiguration;
			buildSettings = {
				PRODUCT_NAME = "$(TARGET_NAME)";
			};
			name = Release;
		};
/* End XCBuildConfiguration section */

/* Begin XCConfigurationList section */
		6A7F18EA155034D5006F63E4 /* Build configuration list for PBXProject "Lobby" */ = {
			isa = XCConfigurationList;
			buildConfigurations = (
				6A7F18F8155034D5006F63E4 /* Debug */,
				6A7F18F9155034D5006F63E4 /* Release */,
			);
			defaultConfigurationIsVisible = 0;
			defaultConfigurationName = Release;
		};
		6A7F18FA155034D5006F63E4 /* Build configuration list for PBXNativeTarget "Lobby" */ = {
			isa = XCConfigurationList;
			buildConfigurations = (
				6A7F18FB155034D5006F63E4 /* Debug */,
				6A7F18FC155034D5006F63E4 /* Release */,
			);
			defaultConfigurationIsVisible = 0;
		};
/* End XCConfigurationList section */
	};
	rootObject = 6A7F18E7155034D5006F63E4 /* Project object */;
}
